PODS:
  - Capacitor (7.6.9):
    - CapacitorCordova
  - CapacitorCommunityPrivacyScreen (6.1.0):
    - Capacitor
  - CapacitorCordova (7.6.9)

DEPENDENCIES:
  - "Capacitor (from `../../node_modules/@capacitor/ios`)"
  - "CapacitorCommunityPrivacyScreen (from `../../node_modules/@capacitor-community/privacy-screen`)"
  - "CapacitorCordova (from `../../node_modules/@capacitor/ios`)"

EXTERNAL SOURCES:
  Capacitor:
    :path: "../../node_modules/@capacitor/ios"
  CapacitorCommunityPrivacyScreen:
    :path: "../../node_modules/@capacitor-community/privacy-screen"
  CapacitorCordova:
    :path: "../../node_modules/@capacitor/ios"

SPEC CHECKSUMS:
  Capacitor: 46067d1c8df89760dbed78780d436327d588c726
  CapacitorCommunityPrivacyScreen: cb86c2e384d6dcbad8482814c3538b87fb55cc9b
  CapacitorCordova: 2080fc0d6bfbc9dcc0e6d88e77fa624190d343ca

PODFILE CHECKSUM: 52e83202b51a3120b5873904ed876c967d292c1f

COCOAPODS: 1.17.0
